
Microsoft Visual Studio Solution File, Format Version 12.00
# Visual Studio Version 17
VisualStudioVersion = 17.0.32014.148
MinimumVisualStudioVersion = 10.0.40219.1
Project("{9A19103F-16F7-4668-BE54-9A1E7A4F7556}") = "UncapitalizeReinaValera1909Chapters", "UncapitalizeReinaValera1909Chapters\UncapitalizeReinaValera1909Chapters.csproj", "{15D98A7A-A7E7-4D3F-98EF-0A83F8C53D2C}"
EndProject
Project("{9A19103F-16F7-4668-BE54-9A1E7A4F7556}") = "BibleMarkdown", "BibleMarkdown\BibleMarkdown.csproj", "{86E1157D-519C-4777-A5B9-3C0B50274BE8}"
EndProject
Project("{FAE04EC0-301F-11D3-BF4B-00C04F79EFBC}") = "MigrateFramework", "MigrateFramework\MigrateFramework.csproj", "{981C92AE-623E-449E-9D88-A4C0B0928A92}"
EndProject
Global
	GlobalSection(SolutionConfigurationPlatforms) = preSolution
		Debug|Any CPU = Debug|Any CPU
		Release|Any CPU = Release|Any CPU
	EndGlobalSection
	GlobalSection(ProjectConfigurationPlatforms) = postSolution
		{15D98A7A-A7E7-4D3F-98EF-0A83F8C53D2C}.Debug|Any CPU.ActiveCfg = Debug|Any CPU
		{15D98A7A-A7E7-4D3F-98EF-0A83F8C53D2C}.Debug|Any CPU.Build.0 = Debug|Any CPU
		{15D98A7A-A7E7-4D3F-98EF-0A83F8C53D2C}.Release|Any CPU.ActiveCfg = Release|Any CPU
		{15D98A7A-A7E7-4D3F-98EF-0A83F8C53D2C}.Release|Any CPU.Build.0 = Release|Any CPU
		{86E1157D-519C-4777-A5B9-3C0B50274BE8}.Debug|Any CPU.ActiveCfg = Debug|Any CPU
		{86E1157D-519C-4777-A5B9-3C0B50274BE8}.Debug|Any CPU.Build.0 = Debug|Any CPU
		{86E1157D-519C-4777-A5B9-3C0B50274BE8}.Release|Any CPU.ActiveCfg = Release|Any CPU
		{86E1157D-519C-4777-A5B9-3C0B50274BE8}.Release|Any CPU.Build.0 = Release|Any CPU
		{981C92AE-623E-449E-9D88-A4C0B0928A92}.Debug|Any CPU.ActiveCfg = Debug|Any CPU
		{981C92AE-623E-449E-9D88-A4C0B0928A92}.Debug|Any CPU.Build.0 = Debug|Any CPU
		{981C92AE-623E-449E-9D88-A4C0B0928A92}.Release|Any CPU.ActiveCfg = Release|Any CPU
		{981C92AE-623E-449E-9D88-A4C0B0928A92}.Release|Any CPU.Build.0 = Release|Any CPU
	EndGlobalSection
	GlobalSection(SolutionProperties) = preSolution
		HideSolutionNode = FALSE
	EndGlobalSection
	GlobalSection(ExtensibilityGlobals) = postSolution
		SolutionGuid = {A8943D6C-6605-496D-AF43-0B2FDD867174}
	EndGlobalSection
EndGlobal
